# THIS IS AN AUTOGENERATED FILE. DO NOT EDIT THIS FILE DIRECTLY.
# yarn lockfile v1


"@metamask/detect-provider@^1.2.0":
  version "1.2.0"
  resolved "https://registry.yarnpkg.com/@metamask/detect-provider/-/detect-provider-1.2.0.tgz#3667a7531f2a682e3c3a43eaf3a1958bdb42a696"
  integrity sha512-ocA76vt+8D0thgXZ7LxFPyqw3H7988qblgzddTDA6B8a/yU0uKV42QR/DhA+Jh11rJjxW0jKvwb5htA6krNZDQ==

mersenne-twister@^1.1.0:
  version "1.1.0"
  resolved "https://registry.yarnpkg.com/mersenne-twister/-/mersenne-twister-1.1.0.tgz#f916618ee43d7179efcf641bec4531eb9670978a"
  integrity sha1-+RZhjuQ9cXnvz2Qb7EUx65Zwl4o=

react-device-detect@^2.2.2:
  version "2.2.2"
  resolved "https://registry.yarnpkg.com/react-device-detect/-/react-device-detect-2.2.2.tgz#dbabbce798ec359c83f574c3edb24cf1cca641a5"
  integrity sha512-zSN1gIAztUekp5qUT/ybHwQ9fmOqVT1psxpSlTn1pe0CO+fnJHKRLOWWac5nKxOxvOpD/w84hk1I+EydrJp7SA==
  dependencies:
    ua-parser-js "^1.0.2"

react-jazzicon@^1.0.3:
  version "1.0.3"
  resolved "https://registry.yarnpkg.com/react-jazzicon/-/react-jazzicon-1.0.3.tgz#04175936bf27a854299ba5528db4762455e86b91"
  integrity sha512-2uS0gRXgNpVPZII6uTC+xg1v26LtyKNccfktINTJPPSRGyPzcOf/PdJcFgpZAmEZ3//C1R1DrlXFRedsQBpICA==
  dependencies:
    mersenne-twister "^1.1.0"

ua-parser-js@^1.0.2:
  version "1.0.2"
  resolved "https://registry.yarnpkg.com/ua-parser-js/-/ua-parser-js-1.0.2.tgz#e2976c34dbfb30b15d2c300b2a53eac87c57a775"
  integrity sha512-00y/AXhx0/SsnI51fTc0rLRmafiGOM4/O+ny10Ps7f+j/b8p/ZY11ytMgznXkOVo4GQ+KwQG5UQLkLGirsACRg==
